{
  "name": "codekit-project",
  "version": "1.0.0",
  "lockfileVersion": 1,
  "requires": true,
  "dependencies": {
    "gsap": {
      "version": "3.7.1",
      "resolved": "https://registry.npmjs.org/gsap/-/gsap-3.7.1.tgz",
      "integrity": "sha512-4qxuaC2yFWRjMRof5tI/7c9/+L4xMsCoqHrZAmuh+IbOokTnZyoeF0VgvcVHq3uo+/VJZCs7PTvjrFasfGl+ww=="
    },
    "gsap-plugin": {
      "version": "5.0.8",
      "resolved": "https://registry.npmjs.org/gsap-plugin/-/gsap-plugin-5.0.8.tgz",
      "integrity": "sha512-cK5t+aI5qodim/DYdxoeS8VqAEwhsVdS+/ddDeSgJRfnao1WAUtfejmwzZ57G+lqx10Y4MZmW1N37hH5d3SAAw=="
    }
  }
}
